// !$*UTF8*$!
{
	archiveVersion = 1;
	classes = {
	};
	objectVersion = 46;
	objects = {

/* Begin PBXBuildFile section */
		D63D328CA5F3DB034CCABF28 /* Pods_EIDStompClientExample.framework in Frameworks */ = {isa = PBXBuildFile; fileRef = 7E3C0B25D16C8D9DF9AC1EB2 /* Pods_EIDStompClientExample.framework */; };
		E9D5A83B1ECC41F100524F14 /* AppDelegate.swift in Sources */ = {isa = PBXBuildFile; fileRef = E9D5A83A1ECC41F100524F14 /* AppDelegate.swift */; };
		E9D5A83D1ECC41F100524F14 /* ViewController.swift in Sources */ = {isa = PBXBuildFile; fileRef = E9D5A83C1ECC41F100524F14 /* ViewController.swift */; };
		E9D5A8401ECC41F100524F14 /* Main.storyboard in Resources */ = {isa = PBXBuildFile; fileRef = E9D5A83E1ECC41F100524F14 /* Main.storyboard */; };
		E9D5A8421ECC41F100524F14 /* Assets.xcassets in Resources */ = {isa = PBXBuildFile; fileRef = E9D5A8411ECC41F100524F14 /* Assets.xcassets */; };
		E9D5A8451ECC41F100524F14 /* LaunchScreen.storyboard in Resources */ = {isa = PBXBuildFile; fileRef = E9D5A8431ECC41F100524F14 /* LaunchScreen.storyboard */; };
/* End PBXBuildFile section */

/* Begin PBXFileReference section */
		2F7CAA3EF981ABCF3ACC78EC /* Pods-EIDStompClientExample.release.xcconfig */ = {isa = PBXFileReference; includeInIndex = 1; lastKnownFileType = text.xcconfig; name = "Pods-EIDStompClientExample.release.xcconfig"; path = "Pods/Target Support Files/Pods-EIDStompClientExample/Pods-EIDStompClientExample.release.xcconfig"; sourceTree = "<group>"; };
		7E3C0B25D16C8D9DF9AC1EB2 /* Pods_EIDStompClientExample.framework */ = {isa = PBXFileReference; explicitFileType = wrapper.framework; includeInIndex = 0; path = Pods_EIDStompClientExample.framework; sourceTree = BUILT_PRODUCTS_DIR; };
		A9F5989B448A7F32F0B1FC8F /* Pods-EIDStompClientExample.debug.xcconfig */ = {isa = PBXFileReference; includeInIndex = 1; lastKnownFileType = text.xcconfig; name = "Pods-EIDStompClientExample.debug.xcconfig"; path = "Pods/Target Support Files/Pods-EIDStompClientExample/Pods-EIDStompClientExample.debug.xcconfig"; sourceTree = "<group>"; };
		E9D5A8371ECC41F100524F14 /* EIDStompClientExample.app */ = {isa = PBXFileReference; explicitFileType = wrapper.application; includeInIndex = 0; path = EIDStompClientExample.app; sourceTree = BUILT_PRODUCTS_DIR; };
		E9D5A83A1ECC41F100524F14 /* AppDelegate.swift */ = {isa = PBXFileReference; lastKnownFileType = sourcecode.swift; path = AppDelegate.swift; sourceTree = "<group>"; };
		E9D5A83C1ECC41F100524F14 /* ViewController.swift */ = {isa = PBXFileReference; lastKnownFileType = sourcecode.swift; path = ViewController.swift; sourceTree = "<group>"; };
		E9D5A83F1ECC41F100524F14 /* Base */ = {isa = PBXFileReference; lastKnownFileType = file.storyboard; name = Base; path = Base.lproj/Main.storyboard; sourceTree = "<group>"; };
		E9D5A8411ECC41F100524F14 /* Assets.xcassets */ = {isa = PBXFileReference; lastKnownFileType = folder.assetcatalog; path = Assets.xcassets; sourceTree = "<group>"; };
		E9D5A8441ECC41F100524F14 /* Base */ = {isa = PBXFileReference; lastKnownFileType = file.storyboard; name = Base; path = Base.lproj/LaunchScreen.storyboard; sourceTree = "<group>"; };
		E9D5A8461ECC41F100524F14 /* Info.plist */ = {isa = PBXFileReference; lastKnownFileType = text.plist.xml; path = Info.plist; sourceTree = "<group>"; };
/* End PBXFileReference section */

/* Begin PBXFrameworksBuildPhase section */
		E9D5A8341ECC41F100524F14 /* Frameworks */ = {
			isa = PBXFrameworksBuildPhase;
			buildActionMask = 2147483647;
			files = (
				D63D328CA5F3DB034CCABF28 /* Pods_EIDStompClientExample.framework in Frameworks */,
			);
			runOnlyForDeploymentPostprocessing = 0;
		};
/* End PBXFrameworksBuildPhase section */

/* Begin PBXGroup section */
		247D4881B0D41FCC67A55DA2 /* Pods */ = {
			isa = PBXGroup;
			children = (
				A9F5989B448A7F32F0B1FC8F /* Pods-EIDStompClientExample.debug.xcconfig */,
				2F7CAA3EF981ABCF3ACC78EC /* Pods-EIDStompClientExample.release.xcconfig */,
			);
			name = Pods;
			sourceTree = "<group>";
		};
		2AE5ED424805C1F0C706D0FA /* Frameworks */ = {
			isa = PBXGroup;
			children = (
				7E3C0B25D16C8D9DF9AC1EB2 /* Pods_EIDStompClientExample.framework */,
			);
			name = Frameworks;
			sourceTree = "<group>";
		};
		E9D5A82E1ECC41F100524F14 = {
			isa = PBXGroup;
			children = (
				E9D5A8391ECC41F100524F14 /* EIDStompClientExample */,
				E9D5A8381ECC41F100524F14 /* Products */,
				247D4881B0D41FCC67A55DA2 /* Pods */,
				2AE5ED424805C1F0C706D0FA /* Frameworks */,
			);
			sourceTree = "<group>";
		};
		E9D5A8381ECC41F100524F14 /* Products */ = {
			isa = PBXGroup;
			children = (
				E9D5A8371ECC41F100524F14 /* EIDStompClientExample.app */,
			);
			name = Products;
			sourceTree = "<group>";
		};
		E9D5A8391ECC41F100524F14 /* EIDStompClientExample */ = {
			isa = PBXGroup;
			children = (
				E9D5A83A1ECC41F100524F14 /* AppDelegate.swift */,
				E9D5A83C1ECC41F100524F14 /* ViewController.swift */,
				E9D5A83E1ECC41F100524F14 /* Main.storyboard */,
				E9D5A8411ECC41F100524F14 /* Assets.xcassets */,
				E9D5A8431ECC41F100524F14 /* LaunchScreen.storyboard */,
				E9D5A8461ECC41F100524F14 /* Info.plist */,
			);
			path = EIDStompClientExample;
			sourceTree = "<group>";
		};
/* End PBXGroup section */

/* Begin PBXNativeTarget section */
		E9D5A8361ECC41F100524F14 /* EIDStompClientExample */ = {
			isa = PBXNativeTarget;
			buildConfigurationList = E9D5A8491ECC41F100524F14 /* Build configuration list for PBXNativeTarget "EIDStompClientExample" */;
			buildPhases = (
				0E9AA930A6C14C4FBF2F3819 /* [CP] Check Pods Manifest.lock */,
				E9D5A8331ECC41F100524F14 /* Sources */,
				E9D5A8341ECC41F100524F14 /* Frameworks */,
				E9D5A8351ECC41F100524F14 /* Resources */,
				1BBE76C555479D3F3DE12EE2 /* [CP] Embed Pods Frameworks */,
				81357CF456E0C071CBB6B0D5 /* [CP] Copy Pods Resources */,
			);
			buildRules = (
			);
			dependencies = (
			);
			name = EIDStompClientExample;
			productName = EIDStompClientExample;
			productReference = E9D5A8371ECC41F100524F14 /* EIDStompClientExample.app */;
			productType = "com.apple.product-type.application";
		};
/* End PBXNativeTarget section */

/* Begin PBXProject section */
		E9D5A82F1ECC41F100524F14 /* Project object */ = {
			isa = PBXProject;
			attributes = {
				LastSwiftUpdateCheck = 0830;
				LastUpgradeCheck = 0830;
				ORGANIZATIONNAME = "Electronic ID";
				TargetAttributes = {
					E9D5A8361ECC41F100524F14 = {
						CreatedOnToolsVersion = 8.3.2;
						DevelopmentTeam = TRZUY52274;
						ProvisioningStyle = Automatic;
					};
				};
			};
			buildConfigurationList = E9D5A8321ECC41F100524F14 /* Build configuration list for PBXProject "EIDStompClientExample" */;
			compatibilityVersion = "Xcode 3.2";
			developmentRegion = English;
			hasScannedForEncodings = 0;
			knownRegions = (
				en,
				Base,
			);
			mainGroup = E9D5A82E1ECC41F100524F14;
			productRefGroup = E9D5A8381ECC41F100524F14 /* Products */;
			projectDirPath = "";
			projectRoot = "";
			targets = (
				E9D5A8361ECC41F100524F14 /* EIDStompClientExample */,
			);
		};
/* End PBXProject section */

/* Begin PBXResourcesBuildPhase section */
		E9D5A8351ECC41F100524F14 /* Resources */ = {
			isa = PBXResourcesBuildPhase;
			buildActionMask = 2147483647;
			files = (
				E9D5A8451ECC41F100524F14 /* LaunchScreen.storyboard in Resources */,
				E9D5A8421ECC41F100524F14 /* Assets.xcassets in Resources */,
				E9D5A8401ECC41F100524F14 /* Main.storyboard in Resources */,
			);
			runOnlyForDeploymentPostprocessing = 0;
		};
/* End PBXResourcesBuildPhase section */

/* Begin PBXShellScriptBuildPhase section */
		0E9AA930A6C14C4FBF2F3819 /* [CP] Check Pods Manifest.lock */ = {
			isa = PBXShellScriptBuildPhase;
			buildActionMask = 2147483647;
			files = (
			);
			inputPaths = (
			);
			name = "[CP] Check Pods Manifest.lock";
			outputPaths = (
			);
			runOnlyForDeploymentPostprocessing = 0;
			shellPath = /bin/sh;
			shellScript = "diff \"${PODS_PODFILE_DIR_PATH}/Podfile.lock\" \"${PODS_ROOT}/Manifest.lock\" > /dev/null\nif [ $? != 0 ] ; then\n    # print error to STDERR\n    echo \"error: The sandbox is not in sync with the Podfile.lock. Run 'pod install' or update your CocoaPods installation.\" >&2\n    exit 1\nfi\n";
			showEnvVarsInLog = 0;
		};
		1BBE76C555479D3F3DE12EE2 /* [CP] Embed Pods Frameworks */ = {
			isa = PBXShellScriptBuildPhase;
			buildActionMask = 2147483647;
			files = (
			);
			inputPaths = (
			);
			name = "[CP] Embed Pods Frameworks";
			outputPaths = (
			);
			runOnlyForDeploymentPostprocessing = 0;
			shellPath = /bin/sh;
			shellScript = "\"${SRCROOT}/Pods/Target Support Files/Pods-EIDStompClientExample/Pods-EIDStompClientExample-frameworks.sh\"\n";
			showEnvVarsInLog = 0;
		};
		81357CF456E0C071CBB6B0D5 /* [CP] Copy Pods Resources */ = {
			isa = PBXShellScriptBuildPhase;
			buildActionMask = 2147483647;
			files = (
			);
			inputPaths = (
			);
			name = "[CP] Copy Pods Resources";
			outputPaths = (
			);
			runOnlyForDeploymentPostprocessing = 0;
			shellPath = /bin/sh;
			shellScript = "\"${SRCROOT}/Pods/Target Support Files/Pods-EIDStompClientExample/Pods-EIDStompClientExample-resources.sh\"\n";
			showEnvVarsInLog = 0;
		};
/* End PBXShellScriptBuildPhase section */

/* Begin PBXSourcesBuildPhase section */
		E9D5A8331ECC41F100524F14 /* Sources */ = {
			isa = PBXSourcesBuildPhase;
			buildActionMask = 2147483647;
			files = (
				E9D5A83D1ECC41F100524F14 /* ViewController.swift in Sources */,
				E9D5A83B1ECC41F100524F14 /* AppDelegate.swift in Sources */,
			);
			runOnlyForDeploymentPostprocessing = 0;
		};
/* End PBXSourcesBuildPhase section */

/* Begin PBXVariantGroup section */
		E9D5A83E1ECC41F100524F14 /* Main.storyboard */ = {
			isa = PBXVariantGroup;
			children = (
				E9D5A83F1ECC41F100524F14 /* Base */,
			);
			name = Main.storyboard;
			sourceTree = "<group>";
		};
		E9D5A8431ECC41F100524F14 /* LaunchScreen.storyboard */ = {
			isa = PBXVariantGroup;
			children = (
				E9D5A8441ECC41F100524F14 /* Base */,
			);
			name = LaunchScreen.storyboard;
			sourceTree = "<group>";
		};
/* End PBXVariantGroup section */

/* Begin XCBuildConfiguration section */
		E9D5A8471ECC41F100524F14 /* Debug */ = {
			isa = XCBuildConfiguration;
			buildSettings = {
				ALWAYS_SEARCH_USER_PATHS = NO;
				CLANG_ANALYZER_NONNULL = YES;
				CLANG_ANALYZER_NUMBER_OBJECT_CONVERSION = YES_AGGRESSIVE;
				CLANG_CXX_LANGUAGE_STANDARD = "gnu++0x";
				CLANG_CXX_LIBRARY = "libc++";
				CLANG_ENABLE_MODULES = YES;
				CLANG_ENABLE_OBJC_ARC = YES;
				CLANG_WARN_BOOL_CONVERSION = YES;
				CLANG_WARN_CONSTANT_CONVERSION = YES;
				CLANG_WARN_DIRECT_OBJC_ISA_USAGE = YES_ERROR;
				CLANG_WARN_DOCUMENTATION_COMMENTS = YES;
				CLANG_WARN_EMPTY_BODY = YES;
				CLANG_WARN_ENUM_CONVERSION = YES;
				CLANG_WARN_INFINITE_RECURSION = YES;
				CLANG_WARN_INT_CONVERSION = YES;
				CLANG_WARN_OBJC_ROOT_CLASS = YES_ERROR;
				CLANG_WARN_SUSPICIOUS_MOVE = YES;
				CLANG_WARN_UNREACHABLE_CODE = YES;
				CLANG_WARN__DUPLICATE_METHOD_MATCH = YES;
				"CODE_SIGN_IDENTITY[sdk=iphoneos*]" = "iPhone Developer";
				COPY_PHASE_STRIP = NO;
				DEBUG_INFORMATION_FORMAT = dwarf;
				ENABLE_STRICT_OBJC_MSGSEND = YES;
				ENABLE_TESTABILITY = YES;
				GCC_C_LANGUAGE_STANDARD = gnu99;
				GCC_DYNAMIC_NO_PIC = NO;
				GCC_NO_COMMON_BLOCKS = YES;
				GCC_OPTIMIZATION_LEVEL = 0;
				GCC_PREPROCESSOR_DEFINITIONS = (
					"DEBUG=1",
					"$(inherited)",
				);
				GCC_WARN_64_TO_32_BIT_CONVERSION = YES;
				GCC_WARN_ABOUT_RETURN_TYPE = YES_ERROR;
				GCC_WARN_UNDECLARED_SELECTOR = YES;
				GCC_WARN_UNINITIALIZED_AUTOS = YES_AGGRESSIVE;
				GCC_WARN_UNUSED_FUNCTION = YES;
				GCC_WARN_UNUSED_VARIABLE = YES;
				IPHONEOS_DEPLOYMENT_TARGET = 10.3;
				MTL_ENABLE_DEBUG_INFO = YES;
				ONLY_ACTIVE_ARCH = YES;
				SDKROOT = iphoneos;
				SWIFT_ACTIVE_COMPILATION_CONDITIONS = DEBUG;
				SWIFT_OPTIMIZATION_LEVEL = "-Onone";
				TARGETED_DEVICE_FAMILY = "1,2";
			};
			name = Debug;
		};
		E9D5A8481ECC41F100524F14 /* Release */ = {
			isa = XCBuildConfiguration;
			buildSettings = {
				ALWAYS_SEARCH_USER_PATHS = NO;
				CLANG_ANALYZER_NONNULL = YES;
				CLANG_ANALYZER_NUMBER_OBJECT_CONVERSION = YES_AGGRESSIVE;
				CLANG_CXX_LANGUAGE_STANDARD = "gnu++0x";
				CLANG_CXX_LIBRARY = "libc++";
				CLANG_ENABLE_MODULES = YES;
				CLANG_ENABLE_OBJC_ARC = YES;
				CLANG_WARN_BOOL_CONVERSION = YES;
				CLANG_WARN_CONSTANT_CONVERSION = YES;
				CLANG_WARN_DIRECT_OBJC_ISA_USAGE = YES_ERROR;
				CLANG_WARN_DOCUMENTATION_COMMENTS = YES;
				CLANG_WARN_EMPTY_BODY = YES;
				CLANG_WARN_ENUM_CONVERSION = YES;
				CLANG_WARN_INFINITE_RECURSION = YES;
				CLANG_WARN_INT_CONVERSION = YES;
				CLANG_WARN_OBJC_ROOT_CLASS = YES_ERROR;
				CLANG_WARN_SUSPICIOUS_MOVE = YES;
				CLANG_WARN_UNREACHABLE_CODE = YES;
				CLANG_WARN__DUPLICATE_METHOD_MATCH = YES;
				"CODE_SIGN_IDENTITY[sdk=iphoneos*]" = "iPhone Developer";
				COPY_PHASE_STRIP = NO;
				DEBUG_INFORMATION_FORMAT = "dwarf-with-dsym";
				ENABLE_NS_ASSERTIONS = NO;
				ENABLE_STRICT_OBJC_MSGSEND = YES;
				GCC_C_LANGUAGE_STANDARD = gnu99;
				GCC_NO_COMMON_BLOCKS = YES;
				GCC_WARN_64_TO_32_BIT_CONVERSION = YES;
				GCC_WARN_ABOUT_RETURN_TYPE = YES_ERROR;
				GCC_WARN_UNDECLARED_SELECTOR = YES;
				GCC_WARN_UNINITIALIZED_AUTOS = YES_AGGRESSIVE;
				GCC_WARN_UNUSED_FUNCTION = YES;
				GCC_WARN_UNUSED_VARIABLE = YES;
				IPHONEOS_DEPLOYMENT_TARGET = 10.3;
				MTL_ENABLE_DEBUG_INFO = NO;
				SDKROOT = iphoneos;
				SWIFT_OPTIMIZATION_LEVEL = "-Owholemodule";
				TARGETED_DEVICE_FAMILY = "1,2";
				VALIDATE_PRODUCT = YES;
			};
			name = Release;
		};
		E9D5A84A1ECC41F100524F14 /* Debug */ = {
			isa = XCBuildConfiguration;
			baseConfigurationReference = A9F5989B448A7F32F0B1FC8F /* Pods-EIDStompClientExample.debug.xcconfig */;
			buildSettings = {
				ASSETCATALOG_COMPILER_APPICON_NAME = AppIcon;
				DEVELOPMENT_TEAM = TRZUY52274;
				INFOPLIST_FILE = EIDStompClientExample/Info.plist;
				IPHONEOS_DEPLOYMENT_TARGET = 9.3;
				LD_RUNPATH_SEARCH_PATHS = "$(inherited) @executable_path/Frameworks";
				PRODUCT_BUNDLE_IDENTIFIER = eu.electronicId.EIDStompClientExample;
				PRODUCT_NAME = "$(TARGET_NAME)";
				SWIFT_VERSION = 3.0;
			};
			name = Debug;
		};
		E9D5A84B1ECC41F100524F14 /* Release */ = {
			isa = XCBuildConfiguration;
			baseConfigurationReference = 2F7CAA3EF981ABCF3ACC78EC /* Pods-EIDStompClientExample.release.xcconfig */;
			buildSettings = {
				ASSETCATALOG_COMPILER_APPICON_NAME = AppIcon;
				DEVELOPMENT_TEAM = TRZUY52274;
				INFOPLIST_FILE = EIDStompClientExample/Info.plist;
				IPHONEOS_DEPLOYMENT_TARGET = 9.3;
				LD_RUNPATH_SEARCH_PATHS = "$(inherited) @executable_path/Frameworks";
				PRODUCT_BUNDLE_IDENTIFIER = eu.electronicId.EIDStompClientExample;
				PRODUCT_NAME = "$(TARGET_NAME)";
				SWIFT_VERSION = 3.0;
			};
			name = Release;
		};
/* End XCBuildConfiguration section */

/* Begin XCConfigurationList section */
		E9D5A8321ECC41F100524F14 /* Build configuration list for PBXProject "EIDStompClientExample" */ = {
			isa = XCConfigurationList;
			buildConfigurations = (
				E9D5A8471ECC41F100524F14 /* Debug */,
				E9D5A8481ECC41F100524F14 /* Release */,
			);
			defaultConfigurationIsVisible = 0;
			defaultConfigurationName = Release;
		};
		E9D5A8491ECC41F100524F14 /* Build configuration list for PBXNativeTarget "EIDStompClientExample" */ = {
			isa = XCConfigurationList;
			buildConfigurations = (
				E9D5A84A1ECC41F100524F14 /* Debug */,
				E9D5A84B1ECC41F100524F14 /* Release */,
			);
			defaultConfigurationIsVisible = 0;
			defaultConfigurationName = Release;
		};
/* End XCConfigurationList section */
	};
	rootObject = E9D5A82F1ECC41F100524F14 /* Project object */;
}
